
Microsoft Visual Studio Solution File, Format Version 12.00
# Visual Studio Version 16
VisualStudioVersion = 16.0.30804.86
MinimumVisualStudioVersion = 10.0.40219.1
Project("{9A19103F-16F7-4668-BE54-9A1E7A4F7556}") = "OpenTK-PathTracer", "OpenTK-PathTracer\OpenTK-PathTracer.csproj", "{A84EF8C7-EA68-4C27-A669-CF765BA3A6C0}"
EndProject
Project("{2150E333-8FDC-42A3-9474-1A3956D46DE8}") = "Solution Items", "Solution Items", "{7EC3E980-F7A8-4276-92BE-5A4A9E71E3AD}"
	ProjectSection(SolutionItems) = preProject
		.editorconfig = .editorconfig
	EndProjectSection
EndProject
Global
	GlobalSection(SolutionConfigurationPlatforms) = preSolution
		Debug|Any CPU = Debug|Any CPU
		Debug|x64 = Debug|x64
		Release|Any CPU = Release|Any CPU
		Release|x64 = Release|x64
	EndGlobalSection
	GlobalSection(ProjectConfigurationPlatforms) = postSolution
		{A84EF8C7-EA68-4C27-A669-CF765BA3A6C0}.Debug|Any CPU.ActiveCfg = Debug|Any CPU
		{A84EF8C7-EA68-4C27-A669-CF765BA3A6C0}.Debug|Any CPU.Build.0 = Debug|Any CPU
		{A84EF8C7-EA68-4C27-A669-CF765BA3A6C0}.Debug|x64.ActiveCfg = Debug|x64
		{A84EF8C7-EA68-4C27-A669-CF765BA3A6C0}.Debug|x64.Build.0 = Debug|x64
		{A84EF8C7-EA68-4C27-A669-CF765BA3A6C0}.Release|Any CPU.ActiveCfg = Release|Any CPU
		{A84EF8C7-EA68-4C27-A669-CF765BA3A6C0}.Release|Any CPU.Build.0 = Release|Any CPU
		{A84EF8C7-EA68-4C27-A669-CF765BA3A6C0}.Release|x64.ActiveCfg = Release|x64
		{A84EF8C7-EA68-4C27-A669-CF765BA3A6C0}.Release|x64.Build.0 = Release|x64
	EndGlobalSection
	GlobalSection(SolutionProperties) = preSolution
		HideSolutionNode = FALSE
	EndGlobalSection
	GlobalSection(ExtensibilityGlobals) = postSolution
		SolutionGuid = {A29A2783-CEA4-4196-B5F5-95BC170097CA}
	EndGlobalSection
EndGlobal
